
Microsoft Visual Studio Solution File, Format Version 12.00
# Visual Studio 2013
VisualStudioVersion = 12.0.21005.1
MinimumVisualStudioVersion = 10.0.40219.1
Project("{FAE04EC0-301F-11D3-BF4B-00C04F79EFBC}") = "VirateDisplay", "Virate\VirateDisplay.csproj", "{3ACC939F-748F-4BC6-8A96-3FF40CEAFC98}"
EndProject
Project("{FAE04EC0-301F-11D3-BF4B-00C04F79EFBC}") = "VirateEngine", "VirateEngine\VirateEngine.csproj", "{3A5F5B3D-79E4-453B-90BE-E3A9006C5A48}"
EndProject
Global
	GlobalSection(SolutionConfigurationPlatforms) = preSolution
		Debug|Any CPU = Debug|Any CPU
		Release|Any CPU = Release|Any CPU
	EndGlobalSection
	GlobalSection(ProjectConfigurationPlatforms) = postSolution
		{3ACC939F-748F-4BC6-8A96-3FF40CEAFC98}.Debug|Any CPU.ActiveCfg = Debug|Any CPU
		{3ACC939F-748F-4BC6-8A96-3FF40CEAFC98}.Debug|Any CPU.Build.0 = Debug|Any CPU
		{3ACC939F-748F-4BC6-8A96-3FF40CEAFC98}.Release|Any CPU.ActiveCfg = Release|Any CPU
		{3ACC939F-748F-4BC6-8A96-3FF40CEAFC98}.Release|Any CPU.Build.0 = Release|Any CPU
		{3A5F5B3D-79E4-453B-90BE-E3A9006C5A48}.Debug|Any CPU.ActiveCfg = Debug|Any CPU
		{3A5F5B3D-79E4-453B-90BE-E3A9006C5A48}.Debug|Any CPU.Build.0 = Debug|Any CPU
		{3A5F5B3D-79E4-453B-90BE-E3A9006C5A48}.Release|Any CPU.ActiveCfg = Release|Any CPU
		{3A5F5B3D-79E4-453B-90BE-E3A9006C5A48}.Release|Any CPU.Build.0 = Release|Any CPU
	EndGlobalSection
	GlobalSection(SolutionProperties) = preSolution
		HideSolutionNode = FALSE
	EndGlobalSection
EndGlobal
